// !$*UTF8*$!
{
	archiveVersion = 1;
	classes = {
	};
	objectVersion = 50;
	objects = {

/* Begin PBXBuildFile section */
		043134C321006EC800B90E6E /* QUCustomAlertView.m in Sources */ = {isa = PBXBuildFile; fileRef = 043134C221006EC800B90E6E /* QUCustomAlertView.m */; };
		043134C621007C4600B90E6E /* QUCustomNotifyHUD.m in Sources */ = {isa = PBXBuildFile; fileRef = 043134C521007C4600B90E6E /* QUCustomNotifyHUD.m */; };
		0461427220FDD0C300389F90 /* AppDelegate.m in Sources */ = {isa = PBXBuildFile; fileRef = 0461427120FDD0C300389F90 /* AppDelegate.m */; };
		0461427520FDD0C300389F90 /* ViewController.m in Sources */ = {isa = PBXBuildFile; fileRef = 0461427420FDD0C300389F90 /* ViewController.m */; };
		0461427820FDD0C300389F90 /* Main.storyboard in Resources */ = {isa = PBXBuildFile; fileRef = 0461427620FDD0C300389F90 /* Main.storyboard */; };
		0461427A20FDD0C400389F90 /* Assets.xcassets in Resources */ = {isa = PBXBuildFile; fileRef = 0461427920FDD0C400389F90 /* Assets.xcassets */; };
		0461427D20FDD0C400389F90 /* LaunchScreen.storyboard in Resources */ = {isa = PBXBuildFile; fileRef = 0461427B20FDD0C400389F90 /* LaunchScreen.storyboard */; };
		0461428020FDD0C400389F90 /* main.m in Sources */ = {isa = PBXBuildFile; fileRef = 0461427F20FDD0C400389F90 /* main.m */; };
		0461428F20FDD0F600389F90 /* QUPageTitleView.m in Sources */ = {isa = PBXBuildFile; fileRef = 0461428720FDD0F500389F90 /* QUPageTitleView.m */; };
		0461429020FDD0F600389F90 /* QUPageScrollStyle.m in Sources */ = {isa = PBXBuildFile; fileRef = 0461428920FDD0F500389F90 /* QUPageScrollStyle.m */; };
		0461429120FDD0F600389F90 /* QUPageScrollView.m in Sources */ = {isa = PBXBuildFile; fileRef = 0461428C20FDD0F500389F90 /* QUPageScrollView.m */; };
		0461429220FDD0F600389F90 /* QUPageContentView.m in Sources */ = {isa = PBXBuildFile; fileRef = 0461428D20FDD0F500389F90 /* QUPageContentView.m */; };
		6525B00B21075457006EB436 /* QULayoutButton.m in Sources */ = {isa = PBXBuildFile; fileRef = 6525B00A21075457006EB436 /* QULayoutButton.m */; };
/* End PBXBuildFile section */

/* Begin PBXFileReference section */
		043134C121006EC800B90E6E /* QUCustomAlertView.h */ = {isa = PBXFileReference; lastKnownFileType = sourcecode.c.h; path = QUCustomAlertView.h; sourceTree = "<group>"; };
		043134C221006EC800B90E6E /* QUCustomAlertView.m */ = {isa = PBXFileReference; lastKnownFileType = sourcecode.c.objc; path = QUCustomAlertView.m; sourceTree = "<group>"; };
		043134C421007C4600B90E6E /* QUCustomNotifyHUD.h */ = {isa = PBXFileReference; lastKnownFileType = sourcecode.c.h; path = QUCustomNotifyHUD.h; sourceTree = "<group>"; };
		043134C521007C4600B90E6E /* QUCustomNotifyHUD.m */ = {isa = PBXFileReference; lastKnownFileType = sourcecode.c.objc; path = QUCustomNotifyHUD.m; sourceTree = "<group>"; };
		0461426D20FDD0C300389F90 /* QuickCocoaDemo.app */ = {isa = PBXFileReference; explicitFileType = wrapper.application; includeInIndex = 0; path = QuickCocoaDemo.app; sourceTree = BUILT_PRODUCTS_DIR; };
		0461427020FDD0C300389F90 /* AppDelegate.h */ = {isa = PBXFileReference; lastKnownFileType = sourcecode.c.h; path = AppDelegate.h; sourceTree = "<group>"; };
		0461427120FDD0C300389F90 /* AppDelegate.m */ = {isa = PBXFileReference; lastKnownFileType = sourcecode.c.objc; path = AppDelegate.m; sourceTree = "<group>"; };
		0461427320FDD0C300389F90 /* ViewController.h */ = {isa = PBXFileReference; lastKnownFileType = sourcecode.c.h; path = ViewController.h; sourceTree = "<group>"; };
		0461427420FDD0C300389F90 /* ViewController.m */ = {isa = PBXFileReference; lastKnownFileType = sourcecode.c.objc; path = ViewController.m; sourceTree = "<group>"; };
		0461427720FDD0C300389F90 /* Base */ = {isa = PBXFileReference; lastKnownFileType = file.storyboard; name = Base; path = Base.lproj/Main.storyboard; sourceTree = "<group>"; };
		0461427920FDD0C400389F90 /* Assets.xcassets */ = {isa = PBXFileReference; lastKnownFileType = folder.assetcatalog; path = Assets.xcassets; sourceTree = "<group>"; };
		0461427C20FDD0C400389F90 /* Base */ = {isa = PBXFileReference; lastKnownFileType = file.storyboard; name = Base; path = Base.lproj/LaunchScreen.storyboard; sourceTree = "<group>"; };
		0461427E20FDD0C400389F90 /* Info.plist */ = {isa = PBXFileReference; lastKnownFileType = text.plist.xml; path = Info.plist; sourceTree = "<group>"; };
		0461427F20FDD0C400389F90 /* main.m */ = {isa = PBXFileReference; lastKnownFileType = sourcecode.c.objc; path = main.m; sourceTree = "<group>"; };
		0461428720FDD0F500389F90 /* QUPageTitleView.m */ = {isa = PBXFileReference; fileEncoding = 4; lastKnownFileType = sourcecode.c.objc; path = QUPageTitleView.m; sourceTree = "<group>"; };
		0461428820FDD0F500389F90 /* QUPageScrollStyle.h */ = {isa = PBXFileReference; fileEncoding = 4; lastKnownFileType = sourcecode.c.h; path = QUPageScrollStyle.h; sourceTree = "<group>"; };
		0461428920FDD0F500389F90 /* QUPageScrollStyle.m */ = {isa = PBXFileReference; fileEncoding = 4; lastKnownFileType = sourcecode.c.objc; path = QUPageScrollStyle.m; sourceTree = "<group>"; };
		0461428A20FDD0F500389F90 /* QUPageContentView.h */ = {isa = PBXFileReference; fileEncoding = 4; lastKnownFileType = sourcecode.c.h; path = QUPageContentView.h; sourceTree = "<group>"; };
		0461428B20FDD0F500389F90 /* QUPageScrollView.h */ = {isa = PBXFileReference; fileEncoding = 4; lastKnownFileType = sourcecode.c.h; path = QUPageScrollView.h; sourceTree = "<group>"; };
		0461428C20FDD0F500389F90 /* QUPageScrollView.m */ = {isa = PBXFileReference; fileEncoding = 4; lastKnownFileType = sourcecode.c.objc; path = QUPageScrollView.m; sourceTree = "<group>"; };
		0461428D20FDD0F500389F90 /* QUPageContentView.m */ = {isa = PBXFileReference; fileEncoding = 4; lastKnownFileType = sourcecode.c.objc; path = QUPageContentView.m; sourceTree = "<group>"; };
		0461428E20FDD0F600389F90 /* QUPageTitleView.h */ = {isa = PBXFileReference; fileEncoding = 4; lastKnownFileType = sourcecode.c.h; path = QUPageTitleView.h; sourceTree = "<group>"; };
		6525B00921075457006EB436 /* QULayoutButton.h */ = {isa = PBXFileReference; lastKnownFileType = sourcecode.c.h; path = QULayoutButton.h; sourceTree = "<group>"; };
		6525B00A21075457006EB436 /* QULayoutButton.m */ = {isa = PBXFileReference; lastKnownFileType = sourcecode.c.objc; path = QULayoutButton.m; sourceTree = "<group>"; };
/* End PBXFileReference section */

/* Begin PBXFrameworksBuildPhase section */
		0461426A20FDD0C300389F90 /* Frameworks */ = {
			isa = PBXFrameworksBuildPhase;
			buildActionMask = 2147483647;
			files = (
			);
			runOnlyForDeploymentPostprocessing = 0;
		};
/* End PBXFrameworksBuildPhase section */

/* Begin PBXGroup section */
		0461426420FDD0C300389F90 = {
			isa = PBXGroup;
			children = (
				0461426F20FDD0C300389F90 /* QuickCocoaDemo */,
				0461426E20FDD0C300389F90 /* Products */,
			);
			sourceTree = "<group>";
		};
		0461426E20FDD0C300389F90 /* Products */ = {
			isa = PBXGroup;
			children = (
				0461426D20FDD0C300389F90 /* QuickCocoaDemo.app */,
			);
			name = Products;
			sourceTree = "<group>";
		};
		0461426F20FDD0C300389F90 /* QuickCocoaDemo */ = {
			isa = PBXGroup;
			children = (
				0461427020FDD0C300389F90 /* AppDelegate.h */,
				0461427120FDD0C300389F90 /* AppDelegate.m */,
				0461427320FDD0C300389F90 /* ViewController.h */,
				0461427420FDD0C300389F90 /* ViewController.m */,
				0461428620FDD0E500389F90 /* QuickCocoa */,
				0461427620FDD0C300389F90 /* Main.storyboard */,
				0461427920FDD0C400389F90 /* Assets.xcassets */,
				0461427B20FDD0C400389F90 /* LaunchScreen.storyboard */,
				0461427E20FDD0C400389F90 /* Info.plist */,
				0461427F20FDD0C400389F90 /* main.m */,
			);
			path = QuickCocoaDemo;
			sourceTree = "<group>";
		};
		0461428620FDD0E500389F90 /* QuickCocoa */ = {
			isa = PBXGroup;
			children = (
				0461428A20FDD0F500389F90 /* QUPageContentView.h */,
				0461428D20FDD0F500389F90 /* QUPageContentView.m */,
				0461428820FDD0F500389F90 /* QUPageScrollStyle.h */,
				0461428920FDD0F500389F90 /* QUPageScrollStyle.m */,
				0461428B20FDD0F500389F90 /* QUPageScrollView.h */,
				0461428C20FDD0F500389F90 /* QUPageScrollView.m */,
				0461428E20FDD0F600389F90 /* QUPageTitleView.h */,
				0461428720FDD0F500389F90 /* QUPageTitleView.m */,
				043134C121006EC800B90E6E /* QUCustomAlertView.h */,
				043134C221006EC800B90E6E /* QUCustomAlertView.m */,
				043134C421007C4600B90E6E /* QUCustomNotifyHUD.h */,
				043134C521007C4600B90E6E /* QUCustomNotifyHUD.m */,
				6525B00921075457006EB436 /* QULayoutButton.h */,
				6525B00A21075457006EB436 /* QULayoutButton.m */,
			);
			path = QuickCocoa;
			sourceTree = "<group>";
		};
/* End PBXGroup section */

/* Begin PBXNativeTarget section */
		0461426C20FDD0C300389F90 /* QuickCocoaDemo */ = {
			isa = PBXNativeTarget;
			buildConfigurationList = 0461428320FDD0C400389F90 /* Build configuration list for PBXNativeTarget "QuickCocoaDemo" */;
			buildPhases = (
				0461426920FDD0C300389F90 /* Sources */,
				0461426A20FDD0C300389F90 /* Frameworks */,
				0461426B20FDD0C300389F90 /* Resources */,
			);
			buildRules = (
			);
			dependencies = (
			);
			name = QuickCocoaDemo;
			productName = QuickCocoaDemo;
			productReference = 0461426D20FDD0C300389F90 /* QuickCocoaDemo.app */;
			productType = "com.apple.product-type.application";
		};
/* End PBXNativeTarget section */

/* Begin PBXProject section */
		0461426520FDD0C300389F90 /* Project object */ = {
			isa = PBXProject;
			attributes = {
				LastUpgradeCheck = 0940;
				ORGANIZATIONNAME = BriceZhao;
				TargetAttributes = {
					0461426C20FDD0C300389F90 = {
						CreatedOnToolsVersion = 9.4.1;
					};
				};
			};
			buildConfigurationList = 0461426820FDD0C300389F90 /* Build configuration list for PBXProject "QuickCocoaDemo" */;
			compatibilityVersion = "Xcode 9.3";
			developmentRegion = en;
			hasScannedForEncodings = 0;
			knownRegions = (
				en,
				Base,
			);
			mainGroup = 0461426420FDD0C300389F90;
			productRefGroup = 0461426E20FDD0C300389F90 /* Products */;
			projectDirPath = "";
			projectRoot = "";
			targets = (
				0461426C20FDD0C300389F90 /* QuickCocoaDemo */,
			);
		};
/* End PBXProject section */

/* Begin PBXResourcesBuildPhase section */
		0461426B20FDD0C300389F90 /* Resources */ = {
			isa = PBXResourcesBuildPhase;
			buildActionMask = 2147483647;
			files = (
				0461427D20FDD0C400389F90 /* LaunchScreen.storyboard in Resources */,
				0461427A20FDD0C400389F90 /* Assets.xcassets in Resources */,
				0461427820FDD0C300389F90 /* Main.storyboard in Resources */,
			);
			runOnlyForDeploymentPostprocessing = 0;
		};
/* End PBXResourcesBuildPhase section */

/* Begin PBXSourcesBuildPhase section */
		0461426920FDD0C300389F90 /* Sources */ = {
			isa = PBXSourcesBuildPhase;
			buildActionMask = 2147483647;
			files = (
				0461428F20FDD0F600389F90 /* QUPageTitleView.m in Sources */,
				0461429220FDD0F600389F90 /* QUPageContentView.m in Sources */,
				043134C321006EC800B90E6E /* QUCustomAlertView.m in Sources */,
				0461427520FDD0C300389F90 /* ViewController.m in Sources */,
				0461428020FDD0C400389F90 /* main.m in Sources */,
				6525B00B21075457006EB436 /* QULayoutButton.m in Sources */,
				0461427220FDD0C300389F90 /* AppDelegate.m in Sources */,
				043134C621007C4600B90E6E /* QUCustomNotifyHUD.m in Sources */,
				0461429120FDD0F600389F90 /* QUPageScrollView.m in Sources */,
				0461429020FDD0F600389F90 /* QUPageScrollStyle.m in Sources */,
			);
			runOnlyForDeploymentPostprocessing = 0;
		};
/* End PBXSourcesBuildPhase section */

/* Begin PBXVariantGroup section */
		0461427620FDD0C300389F90 /* Main.storyboard */ = {
			isa = PBXVariantGroup;
			children = (
				0461427720FDD0C300389F90 /* Base */,
			);
			name = Main.storyboard;
			sourceTree = "<group>";
		};
		0461427B20FDD0C400389F90 /* LaunchScreen.storyboard */ = {
			isa = PBXVariantGroup;
			children = (
				0461427C20FDD0C400389F90 /* Base */,
			);
			name = LaunchScreen.storyboard;
			sourceTree = "<group>";
		};
/* End PBXVariantGroup section */

/* Begin XCBuildConfiguration section */
		0461428120FDD0C400389F90 /* Debug */ = {
			isa = XCBuildConfiguration;
			buildSettings = {
				ALWAYS_SEARCH_USER_PATHS = NO;
				CLANG_ANALYZER_NONNULL = YES;
				CLANG_ANALYZER_NUMBER_OBJECT_CONVERSION = YES_AGGRESSIVE;
				CLANG_CXX_LANGUAGE_STANDARD = "gnu++14";
				CLANG_CXX_LIBRARY = "libc++";
				CLANG_ENABLE_MODULES = YES;
				CLANG_ENABLE_OBJC_ARC = YES;
				CLANG_ENABLE_OBJC_WEAK = YES;
				CLANG_WARN_BLOCK_CAPTURE_AUTORELEASING = YES;
				CLANG_WARN_BOOL_CONVERSION = YES;
				CLANG_WARN_COMMA = YES;
				CLANG_WARN_CONSTANT_CONVERSION = YES;
				CLANG_WARN_DEPRECATED_OBJC_IMPLEMENTATIONS = YES;
				CLANG_WARN_DIRECT_OBJC_ISA_USAGE = YES_ERROR;
				CLANG_WARN_DOCUMENTATION_COMMENTS = YES;
				CLANG_WARN_EMPTY_BODY = YES;
				CLANG_WARN_ENUM_CONVERSION = YES;
				CLANG_WARN_INFINITE_RECURSION = YES;
				CLANG_WARN_INT_CONVERSION = YES;
				CLANG_WARN_NON_LITERAL_NULL_CONVERSION = YES;
				CLANG_WARN_OBJC_IMPLICIT_RETAIN_SELF = YES;
				CLANG_WARN_OBJC_LITERAL_CONVERSION = YES;
				CLANG_WARN_OBJC_ROOT_CLASS = YES_ERROR;
				CLANG_WARN_RANGE_LOOP_ANALYSIS = YES;
				CLANG_WARN_STRICT_PROTOTYPES = YES;
				CLANG_WARN_SUSPICIOUS_MOVE = YES;
				CLANG_WARN_UNGUARDED_AVAILABILITY = YES_AGGRESSIVE;
				CLANG_WARN_UNREACHABLE_CODE = YES;
				CLANG_WARN__DUPLICATE_METHOD_MATCH = YES;
				CODE_SIGN_IDENTITY = "iPhone Developer";
				COPY_PHASE_STRIP = NO;
				DEBUG_INFORMATION_FORMAT = dwarf;
				ENABLE_STRICT_OBJC_MSGSEND = YES;
				ENABLE_TESTABILITY = YES;
				GCC_C_LANGUAGE_STANDARD = gnu11;
				GCC_DYNAMIC_NO_PIC = NO;
				GCC_NO_COMMON_BLOCKS = YES;
				GCC_OPTIMIZATION_LEVEL = 0;
				GCC_PREPROCESSOR_DEFINITIONS = (
					"DEBUG=1",
					"$(inherited)",
				);
				GCC_WARN_64_TO_32_BIT_CONVERSION = YES;
				GCC_WARN_ABOUT_RETURN_TYPE = YES_ERROR;
				GCC_WARN_UNDECLARED_SELECTOR = YES;
				GCC_WARN_UNINITIALIZED_AUTOS = YES_AGGRESSIVE;
				GCC_WARN_UNUSED_FUNCTION = YES;
				GCC_WARN_UNUSED_VARIABLE = YES;
				IPHONEOS_DEPLOYMENT_TARGET = 11.4;
				MTL_ENABLE_DEBUG_INFO = YES;
				ONLY_ACTIVE_ARCH = YES;
				SDKROOT = iphoneos;
			};
			name = Debug;
		};
		0461428220FDD0C400389F90 /* Release */ = {
			isa = XCBuildConfiguration;
			buildSettings = {
				ALWAYS_SEARCH_USER_PATHS = NO;
				CLANG_ANALYZER_NONNULL = YES;
				CLANG_ANALYZER_NUMBER_OBJECT_CONVERSION = YES_AGGRESSIVE;
				CLANG_CXX_LANGUAGE_STANDARD = "gnu++14";
				CLANG_CXX_LIBRARY = "libc++";
				CLANG_ENABLE_MODULES = YES;
				CLANG_ENABLE_OBJC_ARC = YES;
				CLANG_ENABLE_OBJC_WEAK = YES;
				CLANG_WARN_BLOCK_CAPTURE_AUTORELEASING = YES;
				CLANG_WARN_BOOL_CONVERSION = YES;
				CLANG_WARN_COMMA = YES;
				CLANG_WARN_CONSTANT_CONVERSION = YES;
				CLANG_WARN_DEPRECATED_OBJC_IMPLEMENTATIONS = YES;
				CLANG_WARN_DIRECT_OBJC_ISA_USAGE = YES_ERROR;
				CLANG_WARN_DOCUMENTATION_COMMENTS = YES;
				CLANG_WARN_EMPTY_BODY = YES;
				CLANG_WARN_ENUM_CONVERSION = YES;
				CLANG_WARN_INFINITE_RECURSION = YES;
				CLANG_WARN_INT_CONVERSION = YES;
				CLANG_WARN_NON_LITERAL_NULL_CONVERSION = YES;
				CLANG_WARN_OBJC_IMPLICIT_RETAIN_SELF = YES;
				CLANG_WARN_OBJC_LITERAL_CONVERSION = YES;
				CLANG_WARN_OBJC_ROOT_CLASS = YES_ERROR;
				CLANG_WARN_RANGE_LOOP_ANALYSIS = YES;
				CLANG_WARN_STRICT_PROTOTYPES = YES;
				CLANG_WARN_SUSPICIOUS_MOVE = YES;
				CLANG_WARN_UNGUARDED_AVAILABILITY = YES_AGGRESSIVE;
				CLANG_WARN_UNREACHABLE_CODE = YES;
				CLANG_WARN__DUPLICATE_METHOD_MATCH = YES;
				CODE_SIGN_IDENTITY = "iPhone Developer";
				COPY_PHASE_STRIP = NO;
				DEBUG_INFORMATION_FORMAT = "dwarf-with-dsym";
				ENABLE_NS_ASSERTIONS = NO;
				ENABLE_STRICT_OBJC_MSGSEND = YES;
				GCC_C_LANGUAGE_STANDARD = gnu11;
				GCC_NO_COMMON_BLOCKS = YES;
				GCC_WARN_64_TO_32_BIT_CONVERSION = YES;
				GCC_WARN_ABOUT_RETURN_TYPE = YES_ERROR;
				GCC_WARN_UNDECLARED_SELECTOR = YES;
				GCC_WARN_UNINITIALIZED_AUTOS = YES_AGGRESSIVE;
				GCC_WARN_UNUSED_FUNCTION = YES;
				GCC_WARN_UNUSED_VARIABLE = YES;
				IPHONEOS_DEPLOYMENT_TARGET = 11.4;
				MTL_ENABLE_DEBUG_INFO = NO;
				SDKROOT = iphoneos;
				VALIDATE_PRODUCT = YES;
			};
			name = Release;
		};
		0461428420FDD0C400389F90 /* Debug */ = {
			isa = XCBuildConfiguration;
			buildSettings = {
				ASSETCATALOG_COMPILER_APPICON_NAME = AppIcon;
				CODE_SIGN_STYLE = Automatic;
				DEVELOPMENT_TEAM = L855H542AT;
				INFOPLIST_FILE = QuickCocoaDemo/Info.plist;
				IPHONEOS_DEPLOYMENT_TARGET = 9.0;
				LD_RUNPATH_SEARCH_PATHS = (
					"$(inherited)",
					"@executable_path/Frameworks",
				);
				PRODUCT_BUNDLE_IDENTIFIER = com.lanhai.QuickCocoaDemo;
				PRODUCT_NAME = "$(TARGET_NAME)";
				TARGETED_DEVICE_FAMILY = "1,2";
			};
			name = Debug;
		};
		0461428520FDD0C400389F90 /* Release */ = {
			isa = XCBuildConfiguration;
			buildSettings = {
				ASSETCATALOG_COMPILER_APPICON_NAME = AppIcon;
				CODE_SIGN_STYLE = Automatic;
				DEVELOPMENT_TEAM = L855H542AT;
				INFOPLIST_FILE = QuickCocoaDemo/Info.plist;
				IPHONEOS_DEPLOYMENT_TARGET = 9.0;
				LD_RUNPATH_SEARCH_PATHS = (
					"$(inherited)",
					"@executable_path/Frameworks",
				);
				PRODUCT_BUNDLE_IDENTIFIER = com.lanhai.QuickCocoaDemo;
				PRODUCT_NAME = "$(TARGET_NAME)";
				TARGETED_DEVICE_FAMILY = "1,2";
			};
			name = Release;
		};
/* End XCBuildConfiguration section */

/* Begin XCConfigurationList section */
		0461426820FDD0C300389F90 /* Build configuration list for PBXProject "QuickCocoaDemo" */ = {
			isa = XCConfigurationList;
			buildConfigurations = (
				0461428120FDD0C400389F90 /* Debug */,
				0461428220FDD0C400389F90 /* Release */,
			);
			defaultConfigurationIsVisible = 0;
			defaultConfigurationName = Release;
		};
		0461428320FDD0C400389F90 /* Build configuration list for PBXNativeTarget "QuickCocoaDemo" */ = {
			isa = XCConfigurationList;
			buildConfigurations = (
				0461428420FDD0C400389F90 /* Debug */,
				0461428520FDD0C400389F90 /* Release */,
			);
			defaultConfigurationIsVisible = 0;
			defaultConfigurationName = Release;
		};
/* End XCConfigurationList section */
	};
	rootObject = 0461426520FDD0C300389F90 /* Project object */;
}
